// !$*UTF8*$!
{
	archiveVersion = 1;
	classes = {
	};
	objectVersion = 46;
	objects = {

/* Begin PBXBuildFile section */
		D005E96C1D1DB3150019AED1 /* AppDelegate.swift in Sources */ = {isa = PBXBuildFile; fileRef = D005E96B1D1DB3150019AED1 /* AppDelegate.swift */; };
		D005E96E1D1DB3150019AED1 /* ViewController.swift in Sources */ = {isa = PBXBuildFile; fileRef = D005E96D1D1DB3150019AED1 /* ViewController.swift */; };
		D005E9711D1DB3150019AED1 /* Main.storyboard in Resources */ = {isa = PBXBuildFile; fileRef = D005E96F1D1DB3150019AED1 /* Main.storyboard */; };
		D005E9731D1DB3150019AED1 /* Assets.xcassets in Resources */ = {isa = PBXBuildFile; fileRef = D005E9721D1DB3150019AED1 /* Assets.xcassets */; };
		D005E9761D1DB3150019AED1 /* LaunchScreen.storyboard in Resources */ = {isa = PBXBuildFile; fileRef = D005E9741D1DB3150019AED1 /* LaunchScreen.storyboard */; };
		D005E9811D1DB3150019AED1 /* gettingToPhilosophyTests.swift in Sources */ = {isa = PBXBuildFile; fileRef = D005E9801D1DB3150019AED1 /* gettingToPhilosophyTests.swift */; };
		D005E98C1D1DB3150019AED1 /* gettingToPhilosophyUITests.swift in Sources */ = {isa = PBXBuildFile; fileRef = D005E98B1D1DB3150019AED1 /* gettingToPhilosophyUITests.swift */; };
/* End PBXBuildFile section */

/* Begin PBXContainerItemProxy section */
		D005E97D1D1DB3150019AED1 /* PBXContainerItemProxy */ = {
			isa = PBXContainerItemProxy;
			containerPortal = D005E9601D1DB3150019AED1 /* Project object */;
			proxyType = 1;
			remoteGlobalIDString = D005E9671D1DB3150019AED1;
			remoteInfo = gettingToPhilosophy;
		};
		D005E9881D1DB3150019AED1 /* PBXContainerItemProxy */ = {
			isa = PBXContainerItemProxy;
			containerPortal = D005E9601D1DB3150019AED1 /* Project object */;
			proxyType = 1;
			remoteGlobalIDString = D005E9671D1DB3150019AED1;
			remoteInfo = gettingToPhilosophy;
		};
/* End PBXContainerItemProxy section */

/* Begin PBXFileReference section */
		D005E9681D1DB3150019AED1 /* gettingToPhilosophy.app */ = {isa = PBXFileReference; explicitFileType = wrapper.application; includeInIndex = 0; path = gettingToPhilosophy.app; sourceTree = BUILT_PRODUCTS_DIR; };
		D005E96B1D1DB3150019AED1 /* AppDelegate.swift */ = {isa = PBXFileReference; lastKnownFileType = sourcecode.swift; path = AppDelegate.swift; sourceTree = "<group>"; };
		D005E96D1D1DB3150019AED1 /* ViewController.swift */ = {isa = PBXFileReference; lastKnownFileType = sourcecode.swift; path = ViewController.swift; sourceTree = "<group>"; };
		D005E9701D1DB3150019AED1 /* Base */ = {isa = PBXFileReference; lastKnownFileType = file.storyboard; name = Base; path = Base.lproj/Main.storyboard; sourceTree = "<group>"; };
		D005E9721D1DB3150019AED1 /* Assets.xcassets */ = {isa = PBXFileReference; lastKnownFileType = folder.assetcatalog; path = Assets.xcassets; sourceTree = "<group>"; };
		D005E9751D1DB3150019AED1 /* Base */ = {isa = PBXFileReference; lastKnownFileType = file.storyboard; name = Base; path = Base.lproj/LaunchScreen.storyboard; sourceTree = "<group>"; };
		D005E9771D1DB3150019AED1 /* Info.plist */ = {isa = PBXFileReference; lastKnownFileType = text.plist.xml; path = Info.plist; sourceTree = "<group>"; };
		D005E97C1D1DB3150019AED1 /* gettingToPhilosophyTests.xctest */ = {isa = PBXFileReference; explicitFileType = wrapper.cfbundle; includeInIndex = 0; path = gettingToPhilosophyTests.xctest; sourceTree = BUILT_PRODUCTS_DIR; };
		D005E9801D1DB3150019AED1 /* gettingToPhilosophyTests.swift */ = {isa = PBXFileReference; lastKnownFileType = sourcecode.swift; path = gettingToPhilosophyTests.swift; sourceTree = "<group>"; };
		D005E9821D1DB3150019AED1 /* Info.plist */ = {isa = PBXFileReference; lastKnownFileType = text.plist.xml; path = Info.plist; sourceTree = "<group>"; };
		D005E9871D1DB3150019AED1 /* gettingToPhilosophyUITests.xctest */ = {isa = PBXFileReference; explicitFileType = wrapper.cfbundle; includeInIndex = 0; path = gettingToPhilosophyUITests.xctest; sourceTree = BUILT_PRODUCTS_DIR; };
		D005E98B1D1DB3150019AED1 /* gettingToPhilosophyUITests.swift */ = {isa = PBXFileReference; lastKnownFileType = sourcecode.swift; path = gettingToPhilosophyUITests.swift; sourceTree = "<group>"; };
		D005E98D1D1DB3150019AED1 /* Info.plist */ = {isa = PBXFileReference; lastKnownFileType = text.plist.xml; path = Info.plist; sourceTree = "<group>"; };
/* End PBXFileReference section */

/* Begin PBXFrameworksBuildPhase section */
		D005E9651D1DB3150019AED1 /* Frameworks */ = {
			isa = PBXFrameworksBuildPhase;
			buildActionMask = 2147483647;
			files = (
			);
			runOnlyForDeploymentPostprocessing = 0;
		};
		D005E9791D1DB3150019AED1 /* Frameworks */ = {
			isa = PBXFrameworksBuildPhase;
			buildActionMask = 2147483647;
			files = (
			);
			runOnlyForDeploymentPostprocessing = 0;
		};
		D005E9841D1DB3150019AED1 /* Frameworks */ = {
			isa = PBXFrameworksBuildPhase;
			buildActionMask = 2147483647;
			files = (
			);
			runOnlyForDeploymentPostprocessing = 0;
		};
/* End PBXFrameworksBuildPhase section */

/* Begin PBXGroup section */
		D005E95F1D1DB3150019AED1 = {
			isa = PBXGroup;
			children = (
				D005E96A1D1DB3150019AED1 /* gettingToPhilosophy */,
				D005E97F1D1DB3150019AED1 /* gettingToPhilosophyTests */,
				D005E98A1D1DB3150019AED1 /* gettingToPhilosophyUITests */,
				D005E9691D1DB3150019AED1 /* Products */,
			);
			sourceTree = "<group>";
		};
		D005E9691D1DB3150019AED1 /* Products */ = {
			isa = PBXGroup;
			children = (
				D005E9681D1DB3150019AED1 /* gettingToPhilosophy.app */,
				D005E97C1D1DB3150019AED1 /* gettingToPhilosophyTests.xctest */,
				D005E9871D1DB3150019AED1 /* gettingToPhilosophyUITests.xctest */,
			);
			name = Products;
			sourceTree = "<group>";
		};
		D005E96A1D1DB3150019AED1 /* gettingToPhilosophy */ = {
			isa = PBXGroup;
			children = (
				D005E96B1D1DB3150019AED1 /* AppDelegate.swift */,
				D005E96D1D1DB3150019AED1 /* ViewController.swift */,
				D005E96F1D1DB3150019AED1 /* Main.storyboard */,
				D005E9721D1DB3150019AED1 /* Assets.xcassets */,
				D005E9741D1DB3150019AED1 /* LaunchScreen.storyboard */,
				D005E9771D1DB3150019AED1 /* Info.plist */,
			);
			path = gettingToPhilosophy;
			sourceTree = "<group>";
		};
		D005E97F1D1DB3150019AED1 /* gettingToPhilosophyTests */ = {
			isa = PBXGroup;
			children = (
				D005E9801D1DB3150019AED1 /* gettingToPhilosophyTests.swift */,
				D005E9821D1DB3150019AED1 /* Info.plist */,
			);
			path = gettingToPhilosophyTests;
			sourceTree = "<group>";
		};
		D005E98A1D1DB3150019AED1 /* gettingToPhilosophyUITests */ = {
			isa = PBXGroup;
			children = (
				D005E98B1D1DB3150019AED1 /* gettingToPhilosophyUITests.swift */,
				D005E98D1D1DB3150019AED1 /* Info.plist */,
			);
			path = gettingToPhilosophyUITests;
			sourceTree = "<group>";
		};
/* End PBXGroup section */

/* Begin PBXNativeTarget section */
		D005E9671D1DB3150019AED1 /* gettingToPhilosophy */ = {
			isa = PBXNativeTarget;
			buildConfigurationList = D005E9901D1DB3150019AED1 /* Build configuration list for PBXNativeTarget "gettingToPhilosophy" */;
			buildPhases = (
				D005E9641D1DB3150019AED1 /* Sources */,
				D005E9651D1DB3150019AED1 /* Frameworks */,
				D005E9661D1DB3150019AED1 /* Resources */,
			);
			buildRules = (
			);
			dependencies = (
			);
			name = gettingToPhilosophy;
			productName = gettingToPhilosophy;
			productReference = D005E9681D1DB3150019AED1 /* gettingToPhilosophy.app */;
			productType = "com.apple.product-type.application";
		};
		D005E97B1D1DB3150019AED1 /* gettingToPhilosophyTests */ = {
			isa = PBXNativeTarget;
			buildConfigurationList = D005E9931D1DB3150019AED1 /* Build configuration list for PBXNativeTarget "gettingToPhilosophyTests" */;
			buildPhases = (
				D005E9781D1DB3150019AED1 /* Sources */,
				D005E9791D1DB3150019AED1 /* Frameworks */,
				D005E97A1D1DB3150019AED1 /* Resources */,
			);
			buildRules = (
			);
			dependencies = (
				D005E97E1D1DB3150019AED1 /* PBXTargetDependency */,
			);
			name = gettingToPhilosophyTests;
			productName = gettingToPhilosophyTests;
			productReference = D005E97C1D1DB3150019AED1 /* gettingToPhilosophyTests.xctest */;
			productType = "com.apple.product-type.bundle.unit-test";
		};
		D005E9861D1DB3150019AED1 /* gettingToPhilosophyUITests */ = {
			isa = PBXNativeTarget;
			buildConfigurationList = D005E9961D1DB3150019AED1 /* Build configuration list for PBXNativeTarget "gettingToPhilosophyUITests" */;
			buildPhases = (
				D005E9831D1DB3150019AED1 /* Sources */,
				D005E9841D1DB3150019AED1 /* Frameworks */,
				D005E9851D1DB3150019AED1 /* Resources */,
			);
			buildRules = (
			);
			dependencies = (
				D005E9891D1DB3150019AED1 /* PBXTargetDependency */,
			);
			name = gettingToPhilosophyUITests;
			productName = gettingToPhilosophyUITests;
			productReference = D005E9871D1DB3150019AED1 /* gettingToPhilosophyUITests.xctest */;
			productType = "com.apple.product-type.bundle.ui-testing";
		};
/* End PBXNativeTarget section */

/* Begin PBXProject section */
		D005E9601D1DB3150019AED1 /* Project object */ = {
			isa = PBXProject;
			attributes = {
				LastSwiftUpdateCheck = 0730;
				LastUpgradeCheck = 0730;
				ORGANIZATIONNAME = bluelotuslabs.co;
				TargetAttributes = {
					D005E9671D1DB3150019AED1 = {
						CreatedOnToolsVersion = 7.3.1;
					};
					D005E97B1D1DB3150019AED1 = {
						CreatedOnToolsVersion = 7.3.1;
						TestTargetID = D005E9671D1DB3150019AED1;
					};
					D005E9861D1DB3150019AED1 = {
						CreatedOnToolsVersion = 7.3.1;
						TestTargetID = D005E9671D1DB3150019AED1;
					};
				};
			};
			buildConfigurationList = D005E9631D1DB3150019AED1 /* Build configuration list for PBXProject "gettingToPhilosophy" */;
			compatibilityVersion = "Xcode 3.2";
			developmentRegion = English;
			hasScannedForEncodings = 0;
			knownRegions = (
				en,
				Base,
			);
			mainGroup = D005E95F1D1DB3150019AED1;
			productRefGroup = D005E9691D1DB3150019AED1 /* Products */;
			projectDirPath = "";
			projectRoot = "";
			targets = (
				D005E9671D1DB3150019AED1 /* gettingToPhilosophy */,
				D005E97B1D1DB3150019AED1 /* gettingToPhilosophyTests */,
				D005E9861D1DB3150019AED1 /* gettingToPhilosophyUITests */,
			);
		};
/* End PBXProject section */

/* Begin PBXResourcesBuildPhase section */
		D005E9661D1DB3150019AED1 /* Resources */ = {
			isa = PBXResourcesBuildPhase;
			buildActionMask = 2147483647;
			files = (
				D005E9761D1DB3150019AED1 /* LaunchScreen.storyboard in Resources */,
				D005E9731D1DB3150019AED1 /* Assets.xcassets in Resources */,
				D005E9711D1DB3150019AED1 /* Main.storyboard in Resources */,
			);
			runOnlyForDeploymentPostprocessing = 0;
		};
		D005E97A1D1DB3150019AED1 /* Resources */ = {
			isa = PBXResourcesBuildPhase;
			buildActionMask = 2147483647;
			files = (
			);
			runOnlyForDeploymentPostprocessing = 0;
		};
		D005E9851D1DB3150019AED1 /* Resources */ = {
			isa = PBXResourcesBuildPhase;
			buildActionMask = 2147483647;
			files = (
			);
			runOnlyForDeploymentPostprocessing = 0;
		};
/* End PBXResourcesBuildPhase section */

/* Begin PBXSourcesBuildPhase section */
		D005E9641D1DB3150019AED1 /* Sources */ = {
			isa = PBXSourcesBuildPhase;
			buildActionMask = 2147483647;
			files = (
				D005E96E1D1DB3150019AED1 /* ViewController.swift in Sources */,
				D005E96C1D1DB3150019AED1 /* AppDelegate.swift in Sources */,
			);
			runOnlyForDeploymentPostprocessing = 0;
		};
		D005E9781D1DB3150019AED1 /* Sources */ = {
			isa = PBXSourcesBuildPhase;
			buildActionMask = 2147483647;
			files = (
				D005E9811D1DB3150019AED1 /* gettingToPhilosophyTests.swift in Sources */,
			);
			runOnlyForDeploymentPostprocessing = 0;
		};
		D005E9831D1DB3150019AED1 /* Sources */ = {
			isa = PBXSourcesBuildPhase;
			buildActionMask = 2147483647;
			files = (
				D005E98C1D1DB3150019AED1 /* gettingToPhilosophyUITests.swift in Sources */,
			);
			runOnlyForDeploymentPostprocessing = 0;
		};
/* End PBXSourcesBuildPhase section */

/* Begin PBXTargetDependency section */
		D005E97E1D1DB3150019AED1 /* PBXTargetDependency */ = {
			isa = PBXTargetDependency;
			target = D005E9671D1DB3150019AED1 /* gettingToPhilosophy */;
			targetProxy = D005E97D1D1DB3150019AED1 /* PBXContainerItemProxy */;
		};
		D005E9891D1DB3150019AED1 /* PBXTargetDependency */ = {
			isa = PBXTargetDependency;
			target = D005E9671D1DB3150019AED1 /* gettingToPhilosophy */;
			targetProxy = D005E9881D1DB3150019AED1 /* PBXContainerItemProxy */;
		};
/* End PBXTargetDependency section */

/* Begin PBXVariantGroup section */
		D005E96F1D1DB3150019AED1 /* Main.storyboard */ = {
			isa = PBXVariantGroup;
			children = (
				D005E9701D1DB3150019AED1 /* Base */,
			);
			name = Main.storyboard;
			sourceTree = "<group>";
		};
		D005E9741D1DB3150019AED1 /* LaunchScreen.storyboard */ = {
			isa = PBXVariantGroup;
			children = (
				D005E9751D1DB3150019AED1 /* Base */,
			);
			name = LaunchScreen.storyboard;
			sourceTree = "<group>";
		};
/* End PBXVariantGroup section */

/* Begin XCBuildConfiguration section */
		D005E98E1D1DB3150019AED1 /* Debug */ = {
			isa = XCBuildConfiguration;
			buildSettings = {
				ALWAYS_SEARCH_USER_PATHS = NO;
				CLANG_ANALYZER_NONNULL = YES;
				CLANG_CXX_LANGUAGE_STANDARD = "gnu++0x";
				CLANG_CXX_LIBRARY = "libc++";
				CLANG_ENABLE_MODULES = YES;
				CLANG_ENABLE_OBJC_ARC = YES;
				CLANG_WARN_BOOL_CONVERSION = YES;
				CLANG_WARN_CONSTANT_CONVERSION = YES;
				CLANG_WARN_DIRECT_OBJC_ISA_USAGE = YES_ERROR;
				CLANG_WARN_EMPTY_BODY = YES;
				CLANG_WARN_ENUM_CONVERSION = YES;
				CLANG_WARN_INT_CONVERSION = YES;
				CLANG_WARN_OBJC_ROOT_CLASS = YES_ERROR;
				CLANG_WARN_UNREACHABLE_CODE = YES;
				CLANG_WARN__DUPLICATE_METHOD_MATCH = YES;
				"CODE_SIGN_IDENTITY[sdk=iphoneos*]" = "iPhone Developer";
				COPY_PHASE_STRIP = NO;
				DEBUG_INFORMATION_FORMAT = dwarf;
				ENABLE_STRICT_OBJC_MSGSEND = YES;
				ENABLE_TESTABILITY = YES;
				GCC_C_LANGUAGE_STANDARD = gnu99;
				GCC_DYNAMIC_NO_PIC = NO;
				GCC_NO_COMMON_BLOCKS = YES;
				GCC_OPTIMIZATION_LEVEL = 0;
				GCC_PREPROCESSOR_DEFINITIONS = (
					"DEBUG=1",
					"$(inherited)",
				);
				GCC_WARN_64_TO_32_BIT_CONVERSION = YES;
				GCC_WARN_ABOUT_RETURN_TYPE = YES_ERROR;
				GCC_WARN_UNDECLARED_SELECTOR = YES;
				GCC_WARN_UNINITIALIZED_AUTOS = YES_AGGRESSIVE;
				GCC_WARN_UNUSED_FUNCTION = YES;
				GCC_WARN_UNUSED_VARIABLE = YES;
				IPHONEOS_DEPLOYMENT_TARGET = 9.3;
				MTL_ENABLE_DEBUG_INFO = YES;
				ONLY_ACTIVE_ARCH = YES;
				SDKROOT = iphoneos;
				SWIFT_OPTIMIZATION_LEVEL = "-Onone";
			};
			name = Debug;
		};
		D005E98F1D1DB3150019AED1 /* Release */ = {
			isa = XCBuildConfiguration;
			buildSettings = {
				ALWAYS_SEARCH_USER_PATHS = NO;
				CLANG_ANALYZER_NONNULL = YES;
				CLANG_CXX_LANGUAGE_STANDARD = "gnu++0x";
				CLANG_CXX_LIBRARY = "libc++";
				CLANG_ENABLE_MODULES = YES;
				CLANG_ENABLE_OBJC_ARC = YES;
				CLANG_WARN_BOOL_CONVERSION = YES;
				CLANG_WARN_CONSTANT_CONVERSION = YES;
				CLANG_WARN_DIRECT_OBJC_ISA_USAGE = YES_ERROR;
				CLANG_WARN_EMPTY_BODY = YES;
				CLANG_WARN_ENUM_CONVERSION = YES;
				CLANG_WARN_INT_CONVERSION = YES;
				CLANG_WARN_OBJC_ROOT_CLASS = YES_ERROR;
				CLANG_WARN_UNREACHABLE_CODE = YES;
				CLANG_WARN__DUPLICATE_METHOD_MATCH = YES;
				"CODE_SIGN_IDENTITY[sdk=iphoneos*]" = "iPhone Developer";
				COPY_PHASE_STRIP = NO;
				DEBUG_INFORMATION_FORMAT = "dwarf-with-dsym";
				ENABLE_NS_ASSERTIONS = NO;
				ENABLE_STRICT_OBJC_MSGSEND = YES;
				GCC_C_LANGUAGE_STANDARD = gnu99;
				GCC_NO_COMMON_BLOCKS = YES;
				GCC_WARN_64_TO_32_BIT_CONVERSION = YES;
				GCC_WARN_ABOUT_RETURN_TYPE = YES_ERROR;
				GCC_WARN_UNDECLARED_SELECTOR = YES;
				GCC_WARN_UNINITIALIZED_AUTOS = YES_AGGRESSIVE;
				GCC_WARN_UNUSED_FUNCTION = YES;
				GCC_WARN_UNUSED_VARIABLE = YES;
				IPHONEOS_DEPLOYMENT_TARGET = 9.3;
				MTL_ENABLE_DEBUG_INFO = NO;
				SDKROOT = iphoneos;
				VALIDATE_PRODUCT = YES;
			};
			name = Release;
		};
		D005E9911D1DB3150019AED1 /* Debug */ = {
			isa = XCBuildConfiguration;
			buildSettings = {
				ASSETCATALOG_COMPILER_APPICON_NAME = AppIcon;
				INFOPLIST_FILE = gettingToPhilosophy/Info.plist;
				LD_RUNPATH_SEARCH_PATHS = "$(inherited) @executable_path/Frameworks";
				PRODUCT_BUNDLE_IDENTIFIER = bluelotuslabs.gettingToPhilosophy;
				PRODUCT_NAME = "$(TARGET_NAME)";
			};
			name = Debug;
		};
		D005E9921D1DB3150019AED1 /* Release */ = {
			isa = XCBuildConfiguration;
			buildSettings = {
				ASSETCATALOG_COMPILER_APPICON_NAME = AppIcon;
				INFOPLIST_FILE = gettingToPhilosophy/Info.plist;
				LD_RUNPATH_SEARCH_PATHS = "$(inherited) @executable_path/Frameworks";
				PRODUCT_BUNDLE_IDENTIFIER = bluelotuslabs.gettingToPhilosophy;
				PRODUCT_NAME = "$(TARGET_NAME)";
			};
			name = Release;
		};
		D005E9941D1DB3150019AED1 /* Debug */ = {
			isa = XCBuildConfiguration;
			buildSettings = {
				BUNDLE_LOADER = "$(TEST_HOST)";
				INFOPLIST_FILE = gettingToPhilosophyTests/Info.plist;
				LD_RUNPATH_SEARCH_PATHS = "$(inherited) @executable_path/Frameworks @loader_path/Frameworks";
				PRODUCT_BUNDLE_IDENTIFIER = bluelotuslabs.gettingToPhilosophyTests;
				PRODUCT_NAME = "$(TARGET_NAME)";
				TEST_HOST = "$(BUILT_PRODUCTS_DIR)/gettingToPhilosophy.app/gettingToPhilosophy";
			};
			name = Debug;
		};
		D005E9951D1DB3150019AED1 /* Release */ = {
			isa = XCBuildConfiguration;
			buildSettings = {
				BUNDLE_LOADER = "$(TEST_HOST)";
				INFOPLIST_FILE = gettingToPhilosophyTests/Info.plist;
				LD_RUNPATH_SEARCH_PATHS = "$(inherited) @executable_path/Frameworks @loader_path/Frameworks";
				PRODUCT_BUNDLE_IDENTIFIER = bluelotuslabs.gettingToPhilosophyTests;
				PRODUCT_NAME = "$(TARGET_NAME)";
				TEST_HOST = "$(BUILT_PRODUCTS_DIR)/gettingToPhilosophy.app/gettingToPhilosophy";
			};
			name = Release;
		};
		D005E9971D1DB3150019AED1 /* Debug */ = {
			isa = XCBuildConfiguration;
			buildSettings = {
				INFOPLIST_FILE = gettingToPhilosophyUITests/Info.plist;
				LD_RUNPATH_SEARCH_PATHS = "$(inherited) @executable_path/Frameworks @loader_path/Frameworks";
				PRODUCT_BUNDLE_IDENTIFIER = bluelotuslabs.gettingToPhilosophyUITests;
				PRODUCT_NAME = "$(TARGET_NAME)";
				TEST_TARGET_NAME = gettingToPhilosophy;
			};
			name = Debug;
		};
		D005E9981D1DB3150019AED1 /* Release */ = {
			isa = XCBuildConfiguration;
			buildSettings = {
				INFOPLIST_FILE = gettingToPhilosophyUITests/Info.plist;
				LD_RUNPATH_SEARCH_PATHS = "$(inherited) @executable_path/Frameworks @loader_path/Frameworks";
				PRODUCT_BUNDLE_IDENTIFIER = bluelotuslabs.gettingToPhilosophyUITests;
				PRODUCT_NAME = "$(TARGET_NAME)";
				TEST_TARGET_NAME = gettingToPhilosophy;
			};
			name = Release;
		};
/* End XCBuildConfiguration section */

/* Begin XCConfigurationList section */
		D005E9631D1DB3150019AED1 /* Build configuration list for PBXProject "gettingToPhilosophy" */ = {
			isa = XCConfigurationList;
			buildConfigurations = (
				D005E98E1D1DB3150019AED1 /* Debug */,
				D005E98F1D1DB3150019AED1 /* Release */,
			);
			defaultConfigurationIsVisible = 0;
			defaultConfigurationName = Release;
		};
		D005E9901D1DB3150019AED1 /* Build configuration list for PBXNativeTarget "gettingToPhilosophy" */ = {
			isa = XCConfigurationList;
			buildConfigurations = (
				D005E9911D1DB3150019AED1 /* Debug */,
				D005E9921D1DB3150019AED1 /* Release */,
			);
			defaultConfigurationIsVisible = 0;
		};
		D005E9931D1DB3150019AED1 /* Build configuration list for PBXNativeTarget "gettingToPhilosophyTests" */ = {
			isa = XCConfigurationList;
			buildConfigurations = (
				D005E9941D1DB3150019AED1 /* Debug */,
				D005E9951D1DB3150019AED1 /* Release */,
			);
			defaultConfigurationIsVisible = 0;
		};
		D005E9961D1DB3150019AED1 /* Build configuration list for PBXNativeTarget "gettingToPhilosophyUITests" */ = {
			isa = XCConfigurationList;
			buildConfigurations = (
				D005E9971D1DB3150019AED1 /* Debug */,
				D005E9981D1DB3150019AED1 /* Release */,
			);
			defaultConfigurationIsVisible = 0;
		};
/* End XCConfigurationList section */
	};
	rootObject = D005E9601D1DB3150019AED1 /* Project object */;
}
